
Microsoft Visual Studio Solution File, Format Version 12.00
# Visual Studio 15
VisualStudioVersion = 15.0.28307.705
MinimumVisualStudioVersion = 10.0.40219.1
Project("{FAE04EC0-301F-11D3-BF4B-00C04F79EFBC}") = "MetodoExtensaoEClasseGenerica", "MetodoExtensaoEClasseGenerica\MetodoExtensaoEClasseGenerica.csproj", "{4DC5FBC1-73FA-448F-AB85-F2D7DC6E0883}"
EndProject
Global
	GlobalSection(SolutionConfigurationPlatforms) = preSolution
		Debug|Any CPU = Debug|Any CPU
		Release|Any CPU = Release|Any CPU
	EndGlobalSection
	GlobalSection(ProjectConfigurationPlatforms) = postSolution
		{4DC5FBC1-73FA-448F-AB85-F2D7DC6E0883}.Debug|Any CPU.ActiveCfg = Debug|Any CPU
		{4DC5FBC1-73FA-448F-AB85-F2D7DC6E0883}.Debug|Any CPU.Build.0 = Debug|Any CPU
		{4DC5FBC1-73FA-448F-AB85-F2D7DC6E0883}.Release|Any CPU.ActiveCfg = Release|Any CPU
		{4DC5FBC1-73FA-448F-AB85-F2D7DC6E0883}.Release|Any CPU.Build.0 = Release|Any CPU
	EndGlobalSection
	GlobalSection(SolutionProperties) = preSolution
		HideSolutionNode = FALSE
	EndGlobalSection
	GlobalSection(ExtensibilityGlobals) = postSolution
		SolutionGuid = {326611D9-F95E-496E-A4C9-E2889F9F3145}
	EndGlobalSection
EndGlobal
